// !$*UTF8*$!
{
	archiveVersion = 1;
	classes = {
	};
	objectVersion = 46;
	objects = {

/* Begin PBXBuildFile section */
		086F87AC1D532143002AA791 /* ec_32x32.png in CopyFiles */ = {isa = PBXBuildFile; fileRef = 08AC4F761D520A3200CAB019 /* ec_32x32.png */; };
		086F87AD1D532143002AA791 /* ec_32x32@2x.png in CopyFiles */ = {isa = PBXBuildFile; fileRef = 08AC4F771D520A3200CAB019 /* ec_32x32@2x.png */; };
		086F87B21D536F2B002AA791 /* Script.swift in Sources */ = {isa = PBXBuildFile; fileRef = 086F87B11D536F2B002AA791 /* Script.swift */; };
		086F87B81D5391FD002AA791 /* CasperSplashController.swift in Sources */ = {isa = PBXBuildFile; fileRef = 086F87B61D5391FD002AA791 /* CasperSplashController.swift */; };
		086F87B91D5391FD002AA791 /* CasperSplashController.xib in Resources */ = {isa = PBXBuildFile; fileRef = 086F87B71D5391FD002AA791 /* CasperSplashController.xib */; };
		086F87BB1D5397AE002AA791 /* CasperSplashWebView.swift in Sources */ = {isa = PBXBuildFile; fileRef = 086F87BA1D5397AE002AA791 /* CasperSplashWebView.swift */; };
		086F87BD1D53A018002AA791 /* index.html in Resources */ = {isa = PBXBuildFile; fileRef = 086F87BC1D53A018002AA791 /* index.html */; };
		086F87BF1D53A96B002AA791 /* dummy.jpg in Resources */ = {isa = PBXBuildFile; fileRef = 086F87BE1D53A96B002AA791 /* dummy.jpg */; };
		089D29211D50D12200E58C6D /* AppDelegate.swift in Sources */ = {isa = PBXBuildFile; fileRef = 089D29201D50D12200E58C6D /* AppDelegate.swift */; };
		089D29231D50D12200E58C6D /* Assets.xcassets in Resources */ = {isa = PBXBuildFile; fileRef = 089D29221D50D12200E58C6D /* Assets.xcassets */; };
		089D29261D50D12200E58C6D /* MainMenu.xib in Resources */ = {isa = PBXBuildFile; fileRef = 089D29241D50D12200E58C6D /* MainMenu.xib */; };
		089D29311D50D12200E58C6D /* CasperSplashTests.swift in Sources */ = {isa = PBXBuildFile; fileRef = 089D29301D50D12200E58C6D /* CasperSplashTests.swift */; };
		089D294A1D50D14C00E58C6D /* .travis.yml in Resources */ = {isa = PBXBuildFile; fileRef = 089D29491D50D14C00E58C6D /* .travis.yml */; };
		089D294D1D50F04900E58C6D /* Regexes.swift in Sources */ = {isa = PBXBuildFile; fileRef = 089D294C1D50F04900E58C6D /* Regexes.swift */; };
		089D294F1D50F1D800E58C6D /* Software.swift in Sources */ = {isa = PBXBuildFile; fileRef = 089D294E1D50F1D800E58C6D /* Software.swift */; };
		089D29531D51D50700E58C6D /* jamf_1.txt in Resources */ = {isa = PBXBuildFile; fileRef = 089D29521D51D50700E58C6D /* jamf_1.txt */; };
		08AC4F7D1D5222BD00CAB019 /* Preferences.swift in Sources */ = {isa = PBXBuildFile; fileRef = 08AC4F7C1D5222BD00CAB019 /* Preferences.swift */; };
/* End PBXBuildFile section */

/* Begin PBXContainerItemProxy section */
		089D292D1D50D12200E58C6D /* PBXContainerItemProxy */ = {
			isa = PBXContainerItemProxy;
			containerPortal = 089D29151D50D12200E58C6D /* Project object */;
			proxyType = 1;
			remoteGlobalIDString = 089D291C1D50D12200E58C6D;
			remoteInfo = CasperSplash;
		};
/* End PBXContainerItemProxy section */

/* Begin PBXCopyFilesBuildPhase section */
		086F87AB1D532137002AA791 /* CopyFiles */ = {
			isa = PBXCopyFilesBuildPhase;
			buildActionMask = 2147483647;
			dstPath = "";
			dstSubfolderSpec = 7;
			files = (
				086F87AC1D532143002AA791 /* ec_32x32.png in CopyFiles */,
				086F87AD1D532143002AA791 /* ec_32x32@2x.png in CopyFiles */,
			);
			runOnlyForDeploymentPostprocessing = 0;
		};
/* End PBXCopyFilesBuildPhase section */

/* Begin PBXFileReference section */
		086F87AE1D536A0B002AA791 /* README.md */ = {isa = PBXFileReference; fileEncoding = 4; lastKnownFileType = net.daringfireball.markdown; path = README.md; sourceTree = "<group>"; };
		086F87B01D536EDF002AA791 /* test_postinstall_successful.sh */ = {isa = PBXFileReference; lastKnownFileType = text.script.sh; path = test_postinstall_successful.sh; sourceTree = "<group>"; };
		086F87B11D536F2B002AA791 /* Script.swift */ = {isa = PBXFileReference; fileEncoding = 4; lastKnownFileType = sourcecode.swift; path = Script.swift; sourceTree = "<group>"; };
		086F87B31D53784C002AA791 /* test_postinstall_failed.sh */ = {isa = PBXFileReference; lastKnownFileType = text.script.sh; path = test_postinstall_failed.sh; sourceTree = "<group>"; };
		086F87B61D5391FD002AA791 /* CasperSplashController.swift */ = {isa = PBXFileReference; fileEncoding = 4; lastKnownFileType = sourcecode.swift; path = CasperSplashController.swift; sourceTree = "<group>"; };
		086F87B71D5391FD002AA791 /* CasperSplashController.xib */ = {isa = PBXFileReference; fileEncoding = 4; lastKnownFileType = file.xib; path = CasperSplashController.xib; sourceTree = "<group>"; };
		086F87BA1D5397AE002AA791 /* CasperSplashWebView.swift */ = {isa = PBXFileReference; fileEncoding = 4; lastKnownFileType = sourcecode.swift; path = CasperSplashWebView.swift; sourceTree = "<group>"; };
		086F87BC1D53A018002AA791 /* index.html */ = {isa = PBXFileReference; fileEncoding = 4; lastKnownFileType = text.html; path = index.html; sourceTree = "<group>"; };
		086F87BE1D53A96B002AA791 /* dummy.jpg */ = {isa = PBXFileReference; lastKnownFileType = image.jpeg; path = dummy.jpg; sourceTree = "<group>"; };
		089D291D1D50D12200E58C6D /* CasperSplash.app */ = {isa = PBXFileReference; explicitFileType = wrapper.application; includeInIndex = 0; path = CasperSplash.app; sourceTree = BUILT_PRODUCTS_DIR; };
		089D29201D50D12200E58C6D /* AppDelegate.swift */ = {isa = PBXFileReference; lastKnownFileType = sourcecode.swift; path = AppDelegate.swift; sourceTree = "<group>"; };
		089D29221D50D12200E58C6D /* Assets.xcassets */ = {isa = PBXFileReference; lastKnownFileType = folder.assetcatalog; path = Assets.xcassets; sourceTree = "<group>"; };
		089D29251D50D12200E58C6D /* Base */ = {isa = PBXFileReference; lastKnownFileType = file.xib; name = Base; path = Base.lproj/MainMenu.xib; sourceTree = "<group>"; };
		089D29271D50D12200E58C6D /* Info.plist */ = {isa = PBXFileReference; lastKnownFileType = text.plist.xml; path = Info.plist; sourceTree = "<group>"; };
		089D292C1D50D12200E58C6D /* CasperSplashTests.xctest */ = {isa = PBXFileReference; explicitFileType = wrapper.cfbundle; includeInIndex = 0; path = CasperSplashTests.xctest; sourceTree = BUILT_PRODUCTS_DIR; };
		089D29301D50D12200E58C6D /* CasperSplashTests.swift */ = {isa = PBXFileReference; lastKnownFileType = sourcecode.swift; path = CasperSplashTests.swift; sourceTree = "<group>"; };
		089D29321D50D12200E58C6D /* Info.plist */ = {isa = PBXFileReference; lastKnownFileType = text.plist.xml; path = Info.plist; sourceTree = "<group>"; };
		089D293B1D50D12200E58C6D /* CasperSplashUITests.swift */ = {isa = PBXFileReference; lastKnownFileType = sourcecode.swift; path = CasperSplashUITests.swift; sourceTree = "<group>"; };
		089D293D1D50D12200E58C6D /* Info.plist */ = {isa = PBXFileReference; lastKnownFileType = text.plist.xml; path = Info.plist; sourceTree = "<group>"; };
		089D29491D50D14C00E58C6D /* .travis.yml */ = {isa = PBXFileReference; fileEncoding = 4; lastKnownFileType = text; path = .travis.yml; sourceTree = SOURCE_ROOT; };
		089D294C1D50F04900E58C6D /* Regexes.swift */ = {isa = PBXFileReference; fileEncoding = 4; lastKnownFileType = sourcecode.swift; name = Regexes.swift; path = Controller/Regexes.swift; sourceTree = "<group>"; };
		089D294E1D50F1D800E58C6D /* Software.swift */ = {isa = PBXFileReference; fileEncoding = 4; lastKnownFileType = sourcecode.swift; path = Software.swift; sourceTree = "<group>"; };
		089D29521D51D50700E58C6D /* jamf_1.txt */ = {isa = PBXFileReference; fileEncoding = 4; lastKnownFileType = text; path = jamf_1.txt; sourceTree = "<group>"; };
		08AC4F761D520A3200CAB019 /* ec_32x32.png */ = {isa = PBXFileReference; lastKnownFileType = image.png; path = ec_32x32.png; sourceTree = "<group>"; };
		08AC4F771D520A3200CAB019 /* ec_32x32@2x.png */ = {isa = PBXFileReference; lastKnownFileType = image.png; path = "ec_32x32@2x.png"; sourceTree = "<group>"; };
		08AC4F7C1D5222BD00CAB019 /* Preferences.swift */ = {isa = PBXFileReference; fileEncoding = 4; lastKnownFileType = sourcecode.swift; name = Preferences.swift; path = CasperSplash/Preferences.swift; sourceTree = SOURCE_ROOT; };
/* End PBXFileReference section */

/* Begin PBXFrameworksBuildPhase section */
		089D291A1D50D12200E58C6D /* Frameworks */ = {
			isa = PBXFrameworksBuildPhase;
			buildActionMask = 2147483647;
			files = (
			);
			runOnlyForDeploymentPostprocessing = 0;
		};
		089D29291D50D12200E58C6D /* Frameworks */ = {
			isa = PBXFrameworksBuildPhase;
			buildActionMask = 2147483647;
			files = (
			);
			runOnlyForDeploymentPostprocessing = 0;
		};
/* End PBXFrameworksBuildPhase section */

/* Begin PBXGroup section */
		089D29141D50D12200E58C6D = {
			isa = PBXGroup;
			children = (
				086F87AE1D536A0B002AA791 /* README.md */,
				089D291F1D50D12200E58C6D /* CasperSplash */,
				08AC4F751D520A3200CAB019 /* CasperSplashTestAssets */,
				089D292F1D50D12200E58C6D /* CasperSplashTests */,
				089D293A1D50D12200E58C6D /* CasperSplashUITests */,
				089D291E1D50D12200E58C6D /* Products */,
			);
			sourceTree = "<group>";
		};
		089D291E1D50D12200E58C6D /* Products */ = {
			isa = PBXGroup;
			children = (
				089D291D1D50D12200E58C6D /* CasperSplash.app */,
				089D292C1D50D12200E58C6D /* CasperSplashTests.xctest */,
			);
			name = Products;
			sourceTree = "<group>";
		};
		089D291F1D50D12200E58C6D /* CasperSplash */ = {
			isa = PBXGroup;
			children = (
				089D29201D50D12200E58C6D /* AppDelegate.swift */,
				089D29221D50D12200E58C6D /* Assets.xcassets */,
				089D29241D50D12200E58C6D /* MainMenu.xib */,
				089D29271D50D12200E58C6D /* Info.plist */,
				089D294E1D50F1D800E58C6D /* Software.swift */,
				089D294C1D50F04900E58C6D /* Regexes.swift */,
				08AC4F7C1D5222BD00CAB019 /* Preferences.swift */,
				086F87B11D536F2B002AA791 /* Script.swift */,
				086F87B61D5391FD002AA791 /* CasperSplashController.swift */,
				086F87B71D5391FD002AA791 /* CasperSplashController.xib */,
				086F87BA1D5397AE002AA791 /* CasperSplashWebView.swift */,
			);
			path = CasperSplash;
			sourceTree = "<group>";
		};
		089D292F1D50D12200E58C6D /* CasperSplashTests */ = {
			isa = PBXGroup;
			children = (
				089D29301D50D12200E58C6D /* CasperSplashTests.swift */,
				089D29321D50D12200E58C6D /* Info.plist */,
				089D29491D50D14C00E58C6D /* .travis.yml */,
				089D29521D51D50700E58C6D /* jamf_1.txt */,
			);
			path = CasperSplashTests;
			sourceTree = "<group>";
		};
		089D293A1D50D12200E58C6D /* CasperSplashUITests */ = {
			isa = PBXGroup;
			children = (
				089D293B1D50D12200E58C6D /* CasperSplashUITests.swift */,
				089D293D1D50D12200E58C6D /* Info.plist */,
			);
			path = CasperSplashUITests;
			sourceTree = "<group>";
		};
		08AC4F751D520A3200CAB019 /* CasperSplashTestAssets */ = {
			isa = PBXGroup;
			children = (
				08AC4F761D520A3200CAB019 /* ec_32x32.png */,
				08AC4F771D520A3200CAB019 /* ec_32x32@2x.png */,
				086F87B01D536EDF002AA791 /* test_postinstall_successful.sh */,
				086F87B31D53784C002AA791 /* test_postinstall_failed.sh */,
				086F87BC1D53A018002AA791 /* index.html */,
				086F87BE1D53A96B002AA791 /* dummy.jpg */,
			);
			path = CasperSplashTestAssets;
			sourceTree = "<group>";
		};
/* End PBXGroup section */

/* Begin PBXNativeTarget section */
		089D291C1D50D12200E58C6D /* CasperSplash */ = {
			isa = PBXNativeTarget;
			buildConfigurationList = 089D29401D50D12200E58C6D /* Build configuration list for PBXNativeTarget "CasperSplash" */;
			buildPhases = (
				089D29191D50D12200E58C6D /* Sources */,
				089D291A1D50D12200E58C6D /* Frameworks */,
				089D291B1D50D12200E58C6D /* Resources */,
			);
			buildRules = (
			);
			dependencies = (
			);
			name = CasperSplash;
			productName = CasperSplash;
			productReference = 089D291D1D50D12200E58C6D /* CasperSplash.app */;
			productType = "com.apple.product-type.application";
		};
		089D292B1D50D12200E58C6D /* CasperSplashTests */ = {
			isa = PBXNativeTarget;
			buildConfigurationList = 089D29431D50D12200E58C6D /* Build configuration list for PBXNativeTarget "CasperSplashTests" */;
			buildPhases = (
				089D29281D50D12200E58C6D /* Sources */,
				089D29291D50D12200E58C6D /* Frameworks */,
				089D292A1D50D12200E58C6D /* Resources */,
				086F87AB1D532137002AA791 /* CopyFiles */,
			);
			buildRules = (
			);
			dependencies = (
				089D292E1D50D12200E58C6D /* PBXTargetDependency */,
			);
			name = CasperSplashTests;
			productName = CasperSplashTests;
			productReference = 089D292C1D50D12200E58C6D /* CasperSplashTests.xctest */;
			productType = "com.apple.product-type.bundle.unit-test";
		};
/* End PBXNativeTarget section */

/* Begin PBXProject section */
		089D29151D50D12200E58C6D /* Project object */ = {
			isa = PBXProject;
			attributes = {
				LastSwiftUpdateCheck = 0730;
				LastUpgradeCheck = 0730;
				ORGANIZATIONNAME = "François Levaux-Tiffreau";
				TargetAttributes = {
					089D291C1D50D12200E58C6D = {
						CreatedOnToolsVersion = 7.3.1;
					};
					089D292B1D50D12200E58C6D = {
						CreatedOnToolsVersion = 7.3.1;
						TestTargetID = 089D291C1D50D12200E58C6D;
					};
				};
			};
			buildConfigurationList = 089D29181D50D12200E58C6D /* Build configuration list for PBXProject "CasperSplash" */;
			compatibilityVersion = "Xcode 3.2";
			developmentRegion = English;
			hasScannedForEncodings = 0;
			knownRegions = (
				en,
				Base,
			);
			mainGroup = 089D29141D50D12200E58C6D;
			productRefGroup = 089D291E1D50D12200E58C6D /* Products */;
			projectDirPath = "";
			projectRoot = "";
			targets = (
				089D291C1D50D12200E58C6D /* CasperSplash */,
				089D292B1D50D12200E58C6D /* CasperSplashTests */,
			);
		};
/* End PBXProject section */

/* Begin PBXResourcesBuildPhase section */
		089D291B1D50D12200E58C6D /* Resources */ = {
			isa = PBXResourcesBuildPhase;
			buildActionMask = 2147483647;
			files = (
				086F87BF1D53A96B002AA791 /* dummy.jpg in Resources */,
				086F87B91D5391FD002AA791 /* CasperSplashController.xib in Resources */,
				086F87BD1D53A018002AA791 /* index.html in Resources */,
				089D29231D50D12200E58C6D /* Assets.xcassets in Resources */,
				089D29261D50D12200E58C6D /* MainMenu.xib in Resources */,
			);
			runOnlyForDeploymentPostprocessing = 0;
		};
		089D292A1D50D12200E58C6D /* Resources */ = {
			isa = PBXResourcesBuildPhase;
			buildActionMask = 2147483647;
			files = (
				089D29531D51D50700E58C6D /* jamf_1.txt in Resources */,
				089D294A1D50D14C00E58C6D /* .travis.yml in Resources */,
			);
			runOnlyForDeploymentPostprocessing = 0;
		};
/* End PBXResourcesBuildPhase section */

/* Begin PBXSourcesBuildPhase section */
		089D29191D50D12200E58C6D /* Sources */ = {
			isa = PBXSourcesBuildPhase;
			buildActionMask = 2147483647;
			files = (
				086F87B81D5391FD002AA791 /* CasperSplashController.swift in Sources */,
				089D294F1D50F1D800E58C6D /* Software.swift in Sources */,
				089D29211D50D12200E58C6D /* AppDelegate.swift in Sources */,
				08AC4F7D1D5222BD00CAB019 /* Preferences.swift in Sources */,
				086F87BB1D5397AE002AA791 /* CasperSplashWebView.swift in Sources */,
				086F87B21D536F2B002AA791 /* Script.swift in Sources */,
				089D294D1D50F04900E58C6D /* Regexes.swift in Sources */,
			);
			runOnlyForDeploymentPostprocessing = 0;
		};
		089D29281D50D12200E58C6D /* Sources */ = {
			isa = PBXSourcesBuildPhase;
			buildActionMask = 2147483647;
			files = (
				089D29311D50D12200E58C6D /* CasperSplashTests.swift in Sources */,
			);
			runOnlyForDeploymentPostprocessing = 0;
		};
/* End PBXSourcesBuildPhase section */

/* Begin PBXTargetDependency section */
		089D292E1D50D12200E58C6D /* PBXTargetDependency */ = {
			isa = PBXTargetDependency;
			target = 089D291C1D50D12200E58C6D /* CasperSplash */;
			targetProxy = 089D292D1D50D12200E58C6D /* PBXContainerItemProxy */;
		};
/* End PBXTargetDependency section */

/* Begin PBXVariantGroup section */
		089D29241D50D12200E58C6D /* MainMenu.xib */ = {
			isa = PBXVariantGroup;
			children = (
				089D29251D50D12200E58C6D /* Base */,
			);
			name = MainMenu.xib;
			sourceTree = "<group>";
		};
/* End PBXVariantGroup section */

/* Begin XCBuildConfiguration section */
		089D293E1D50D12200E58C6D /* Debug */ = {
			isa = XCBuildConfiguration;
			buildSettings = {
				ALWAYS_SEARCH_USER_PATHS = NO;
				CLANG_ANALYZER_NONNULL = YES;
				CLANG_CXX_LANGUAGE_STANDARD = "gnu++0x";
				CLANG_CXX_LIBRARY = "libc++";
				CLANG_ENABLE_MODULES = YES;
				CLANG_ENABLE_OBJC_ARC = YES;
				CLANG_WARN_BOOL_CONVERSION = YES;
				CLANG_WARN_CONSTANT_CONVERSION = YES;
				CLANG_WARN_DIRECT_OBJC_ISA_USAGE = YES_ERROR;
				CLANG_WARN_EMPTY_BODY = YES;
				CLANG_WARN_ENUM_CONVERSION = YES;
				CLANG_WARN_INT_CONVERSION = YES;
				CLANG_WARN_OBJC_ROOT_CLASS = YES_ERROR;
				CLANG_WARN_UNREACHABLE_CODE = YES;
				CLANG_WARN__DUPLICATE_METHOD_MATCH = YES;
				CODE_SIGN_IDENTITY = "-";
				COPY_PHASE_STRIP = NO;
				DEBUG_INFORMATION_FORMAT = dwarf;
				ENABLE_STRICT_OBJC_MSGSEND = YES;
				ENABLE_TESTABILITY = YES;
				GCC_C_LANGUAGE_STANDARD = gnu99;
				GCC_DYNAMIC_NO_PIC = NO;
				GCC_NO_COMMON_BLOCKS = YES;
				GCC_OPTIMIZATION_LEVEL = 0;
				GCC_PREPROCESSOR_DEFINITIONS = (
					"DEBUG=1",
					"$(inherited)",
				);
				GCC_WARN_64_TO_32_BIT_CONVERSION = YES;
				GCC_WARN_ABOUT_RETURN_TYPE = YES_ERROR;
				GCC_WARN_UNDECLARED_SELECTOR = YES;
				GCC_WARN_UNINITIALIZED_AUTOS = YES_AGGRESSIVE;
				GCC_WARN_UNUSED_FUNCTION = YES;
				GCC_WARN_UNUSED_VARIABLE = YES;
				MACOSX_DEPLOYMENT_TARGET = 10.11;
				MTL_ENABLE_DEBUG_INFO = YES;
				ONLY_ACTIVE_ARCH = YES;
				SDKROOT = macosx;
				SWIFT_OPTIMIZATION_LEVEL = "-Onone";
			};
			name = Debug;
		};
		089D293F1D50D12200E58C6D /* Release */ = {
			isa = XCBuildConfiguration;
			buildSettings = {
				ALWAYS_SEARCH_USER_PATHS = NO;
				CLANG_ANALYZER_NONNULL = YES;
				CLANG_CXX_LANGUAGE_STANDARD = "gnu++0x";
				CLANG_CXX_LIBRARY = "libc++";
				CLANG_ENABLE_MODULES = YES;
				CLANG_ENABLE_OBJC_ARC = YES;
				CLANG_WARN_BOOL_CONVERSION = YES;
				CLANG_WARN_CONSTANT_CONVERSION = YES;
				CLANG_WARN_DIRECT_OBJC_ISA_USAGE = YES_ERROR;
				CLANG_WARN_EMPTY_BODY = YES;
				CLANG_WARN_ENUM_CONVERSION = YES;
				CLANG_WARN_INT_CONVERSION = YES;
				CLANG_WARN_OBJC_ROOT_CLASS = YES_ERROR;
				CLANG_WARN_UNREACHABLE_CODE = YES;
				CLANG_WARN__DUPLICATE_METHOD_MATCH = YES;
				CODE_SIGN_IDENTITY = "-";
				COPY_PHASE_STRIP = NO;
				DEBUG_INFORMATION_FORMAT = "dwarf-with-dsym";
				ENABLE_NS_ASSERTIONS = NO;
				ENABLE_STRICT_OBJC_MSGSEND = YES;
				GCC_C_LANGUAGE_STANDARD = gnu99;
				GCC_NO_COMMON_BLOCKS = YES;
				GCC_WARN_64_TO_32_BIT_CONVERSION = YES;
				GCC_WARN_ABOUT_RETURN_TYPE = YES_ERROR;
				GCC_WARN_UNDECLARED_SELECTOR = YES;
				GCC_WARN_UNINITIALIZED_AUTOS = YES_AGGRESSIVE;
				GCC_WARN_UNUSED_FUNCTION = YES;
				GCC_WARN_UNUSED_VARIABLE = YES;
				MACOSX_DEPLOYMENT_TARGET = 10.11;
				MTL_ENABLE_DEBUG_INFO = NO;
				SDKROOT = macosx;
			};
			name = Release;
		};
		089D29411D50D12200E58C6D /* Debug */ = {
			isa = XCBuildConfiguration;
			buildSettings = {
				ASSETCATALOG_COMPILER_APPICON_NAME = AppIcon;
				COMBINE_HIDPI_IMAGES = YES;
				INFOPLIST_FILE = CasperSplash/Info.plist;
				LD_RUNPATH_SEARCH_PATHS = "$(inherited) @executable_path/../Frameworks";
				OTHER_SWIFT_FLAGS = "-DDEBUG";
				PRODUCT_BUNDLE_IDENTIFIER = io.fti.CasperSplash;
				PRODUCT_NAME = "$(TARGET_NAME)";
			};
			name = Debug;
		};
		089D29421D50D12200E58C6D /* Release */ = {
			isa = XCBuildConfiguration;
			buildSettings = {
				ASSETCATALOG_COMPILER_APPICON_NAME = AppIcon;
				COMBINE_HIDPI_IMAGES = YES;
				INFOPLIST_FILE = CasperSplash/Info.plist;
				LD_RUNPATH_SEARCH_PATHS = "$(inherited) @executable_path/../Frameworks";
				PRODUCT_BUNDLE_IDENTIFIER = io.fti.CasperSplash;
				PRODUCT_NAME = "$(TARGET_NAME)";
			};
			name = Release;
		};
		089D29441D50D12200E58C6D /* Debug */ = {
			isa = XCBuildConfiguration;
			buildSettings = {
				BUNDLE_LOADER = "$(TEST_HOST)";
				COMBINE_HIDPI_IMAGES = YES;
				INFOPLIST_FILE = CasperSplashTests/Info.plist;
				LD_RUNPATH_SEARCH_PATHS = "$(inherited) @executable_path/../Frameworks @loader_path/../Frameworks";
				PRODUCT_BUNDLE_IDENTIFIER = io.fti.CasperSplashTests;
				PRODUCT_NAME = "$(TARGET_NAME)";
				TEST_HOST = "$(BUILT_PRODUCTS_DIR)/CasperSplash.app/Contents/MacOS/CasperSplash";
			};
			name = Debug;
		};
		089D29451D50D12200E58C6D /* Release */ = {
			isa = XCBuildConfiguration;
			buildSettings = {
				BUNDLE_LOADER = "$(TEST_HOST)";
				COMBINE_HIDPI_IMAGES = YES;
				INFOPLIST_FILE = CasperSplashTests/Info.plist;
				LD_RUNPATH_SEARCH_PATHS = "$(inherited) @executable_path/../Frameworks @loader_path/../Frameworks";
				PRODUCT_BUNDLE_IDENTIFIER = io.fti.CasperSplashTests;
				PRODUCT_NAME = "$(TARGET_NAME)";
				TEST_HOST = "$(BUILT_PRODUCTS_DIR)/CasperSplash.app/Contents/MacOS/CasperSplash";
			};
			name = Release;
		};
/* End XCBuildConfiguration section */

/* Begin XCConfigurationList section */
		089D29181D50D12200E58C6D /* Build configuration list for PBXProject "CasperSplash" */ = {
			isa = XCConfigurationList;
			buildConfigurations = (
				089D293E1D50D12200E58C6D /* Debug */,
				089D293F1D50D12200E58C6D /* Release */,
			);
			defaultConfigurationIsVisible = 0;
			defaultConfigurationName = Release;
		};
		089D29401D50D12200E58C6D /* Build configuration list for PBXNativeTarget "CasperSplash" */ = {
			isa = XCConfigurationList;
			buildConfigurations = (
				089D29411D50D12200E58C6D /* Debug */,
				089D29421D50D12200E58C6D /* Release */,
			);
			defaultConfigurationIsVisible = 0;
			defaultConfigurationName = Release;
		};
		089D29431D50D12200E58C6D /* Build configuration list for PBXNativeTarget "CasperSplashTests" */ = {
			isa = XCConfigurationList;
			buildConfigurations = (
				089D29441D50D12200E58C6D /* Debug */,
				089D29451D50D12200E58C6D /* Release */,
			);
			defaultConfigurationIsVisible = 0;
			defaultConfigurationName = Release;
		};
/* End XCConfigurationList section */
	};
	rootObject = 089D29151D50D12200E58C6D /* Project object */;
}
