// !$*UTF8*$!
{
	archiveVersion = 1;
	classes = {
	};
	objectVersion = 46;
	objects = {

/* Begin PBXBuildFile section */
		086F87AC1D532143002AA791 /* ec_32x32.png in CopyFiles */ = {isa = PBXBuildFile; fileRef = 08AC4F761D520A3200CAB019 /* ec_32x32.png */; };
		086F87AD1D532143002AA791 /* ec_32x32@2x.png in CopyFiles */ = {isa = PBXBuildFile; fileRef = 08AC4F771D520A3200CAB019 /* ec_32x32@2x.png */; };
		086F87B21D536F2B002AA791 /* Script.swift in Sources */ = {isa = PBXBuildFile; fileRef = 086F87B11D536F2B002AA791 /* Script.swift */; };
		086F87B81D5391FD002AA791 /* MainWindowController.swift in Sources */ = {isa = PBXBuildFile; fileRef = 086F87B61D5391FD002AA791 /* MainWindowController.swift */; };
		086F87BB1D5397AE002AA791 /* WKWebViewNavigationDelegate.swift in Sources */ = {isa = PBXBuildFile; fileRef = 086F87BA1D5397AE002AA791 /* WKWebViewNavigationDelegate.swift */; };
		086F87BD1D53A018002AA791 /* index.html in Resources */ = {isa = PBXBuildFile; fileRef = 086F87BC1D53A018002AA791 /* index.html */; };
		086F87BF1D53A96B002AA791 /* dummy.jpg in Resources */ = {isa = PBXBuildFile; fileRef = 086F87BE1D53A96B002AA791 /* dummy.jpg */; };
		089D29211D50D12200E58C6D /* AppDelegate.swift in Sources */ = {isa = PBXBuildFile; fileRef = 089D29201D50D12200E58C6D /* AppDelegate.swift */; };
		089D29231D50D12200E58C6D /* Assets.xcassets in Resources */ = {isa = PBXBuildFile; fileRef = 089D29221D50D12200E58C6D /* Assets.xcassets */; };
		089D29311D50D12200E58C6D /* CasperSplashTests.swift in Sources */ = {isa = PBXBuildFile; fileRef = 089D29301D50D12200E58C6D /* CasperSplashTests.swift */; };
		089D294A1D50D14C00E58C6D /* .travis.yml in Resources */ = {isa = PBXBuildFile; fileRef = 089D29491D50D14C00E58C6D /* .travis.yml */; };
		089D294D1D50F04900E58C6D /* Regexes.swift in Sources */ = {isa = PBXBuildFile; fileRef = 089D294C1D50F04900E58C6D /* Regexes.swift */; };
		089D294F1D50F1D800E58C6D /* Software.swift in Sources */ = {isa = PBXBuildFile; fileRef = 089D294E1D50F1D800E58C6D /* Software.swift */; };
		089D29531D51D50700E58C6D /* jamf_1.txt in Resources */ = {isa = PBXBuildFile; fileRef = 089D29521D51D50700E58C6D /* jamf_1.txt */; };
		08AC4F7D1D5222BD00CAB019 /* Preferences.swift in Sources */ = {isa = PBXBuildFile; fileRef = 08AC4F7C1D5222BD00CAB019 /* Preferences.swift */; };
		08DAA4951D54D5430027E650 /* SoftwareStatusValueTransformer.swift in Sources */ = {isa = PBXBuildFile; fileRef = 08DAA4941D54D5430027E650 /* SoftwareStatusValueTransformer.swift */; };
		08EC78AC1DE72326007960A4 /* MainViewController.swift in Sources */ = {isa = PBXBuildFile; fileRef = 08EC78AB1DE72326007960A4 /* MainViewController.swift */; };
		47647E7E1E698F3C009D535B /* PreferencesTests.swift in Sources */ = {isa = PBXBuildFile; fileRef = 47647E7D1E698F3C009D535B /* PreferencesTests.swift */; };
		47684F141E68B16C00D422EC /* Localizable.strings in Resources */ = {isa = PBXBuildFile; fileRef = 47684F161E68B16C00D422EC /* Localizable.strings */; };
		47A2181A1F04F0BC00FD3EDC /* MainWindow.swift in Sources */ = {isa = PBXBuildFile; fileRef = 47A218191F04F0BC00FD3EDC /* MainWindow.swift */; };
		47AA7B141E68AD8E005BBF48 /* SplashBuddy.storyboard in Resources */ = {isa = PBXBuildFile; fileRef = 47AA7B161E68AD8E005BBF48 /* SplashBuddy.storyboard */; };
		47B198AA1E6561AB0055CC85 /* Software Array Extension.swift in Sources */ = {isa = PBXBuildFile; fileRef = 47B198A91E6561AB0055CC85 /* Software Array Extension.swift */; };
		47B198AC1E6565CC0055CC85 /* FileHandle Extension.swift in Sources */ = {isa = PBXBuildFile; fileRef = 47B198AB1E6565CC0055CC85 /* FileHandle Extension.swift */; };
		47CFADED1E680D8400356D11 /* MainViewController_Actions.swift in Sources */ = {isa = PBXBuildFile; fileRef = 47CFADEC1E680D8400356D11 /* MainViewController_Actions.swift */; };
		47CFADF21E681FB600356D11 /* FileHandle Extension.swift in Sources */ = {isa = PBXBuildFile; fileRef = 47B198AB1E6565CC0055CC85 /* FileHandle Extension.swift */; };
		47CFADF41E682C9200356D11 /* SoftwareArray.swift in Sources */ = {isa = PBXBuildFile; fileRef = 47CFADF31E682C9200356D11 /* SoftwareArray.swift */; };
		47E8A7CD1E689787001292B8 /* Parser.swift in Sources */ = {isa = PBXBuildFile; fileRef = 47E8A7CC1E689787001292B8 /* Parser.swift */; };
		81D9D7311E69ABE4008ED3F5 /* Log.swift in Sources */ = {isa = PBXBuildFile; fileRef = 81D9D7301E69ABE4008ED3F5 /* Log.swift */; };
/* End PBXBuildFile section */

/* Begin PBXContainerItemProxy section */
		089D292D1D50D12200E58C6D /* PBXContainerItemProxy */ = {
			isa = PBXContainerItemProxy;
			containerPortal = 089D29151D50D12200E58C6D /* Project object */;
			proxyType = 1;
			remoteGlobalIDString = 089D291C1D50D12200E58C6D;
			remoteInfo = CasperSplash;
		};
/* End PBXContainerItemProxy section */

/* Begin PBXCopyFilesBuildPhase section */
		086F87AB1D532137002AA791 /* CopyFiles */ = {
			isa = PBXCopyFilesBuildPhase;
			buildActionMask = 2147483647;
			dstPath = "";
			dstSubfolderSpec = 7;
			files = (
				086F87AC1D532143002AA791 /* ec_32x32.png in CopyFiles */,
				086F87AD1D532143002AA791 /* ec_32x32@2x.png in CopyFiles */,
			);
			runOnlyForDeploymentPostprocessing = 0;
		};
/* End PBXCopyFilesBuildPhase section */

/* Begin PBXFileReference section */
		086F87AE1D536A0B002AA791 /* README.md */ = {isa = PBXFileReference; fileEncoding = 4; lastKnownFileType = net.daringfireball.markdown; path = README.md; sourceTree = "<group>"; };
		086F87B01D536EDF002AA791 /* test_postinstall_successful.sh */ = {isa = PBXFileReference; lastKnownFileType = text.script.sh; path = test_postinstall_successful.sh; sourceTree = "<group>"; };
		086F87B11D536F2B002AA791 /* Script.swift */ = {isa = PBXFileReference; fileEncoding = 4; lastKnownFileType = sourcecode.swift; path = Script.swift; sourceTree = "<group>"; };
		086F87B31D53784C002AA791 /* test_postinstall_failed.sh */ = {isa = PBXFileReference; lastKnownFileType = text.script.sh; path = test_postinstall_failed.sh; sourceTree = "<group>"; };
		086F87B61D5391FD002AA791 /* MainWindowController.swift */ = {isa = PBXFileReference; fileEncoding = 4; lastKnownFileType = sourcecode.swift; path = MainWindowController.swift; sourceTree = "<group>"; };
		086F87BA1D5397AE002AA791 /* WKWebViewNavigationDelegate.swift */ = {isa = PBXFileReference; fileEncoding = 4; lastKnownFileType = sourcecode.swift; path = WKWebViewNavigationDelegate.swift; sourceTree = "<group>"; };
		086F87BC1D53A018002AA791 /* index.html */ = {isa = PBXFileReference; fileEncoding = 4; lastKnownFileType = text.html; path = index.html; sourceTree = "<group>"; };
		086F87BE1D53A96B002AA791 /* dummy.jpg */ = {isa = PBXFileReference; lastKnownFileType = image.jpeg; path = dummy.jpg; sourceTree = "<group>"; };
		089D291D1D50D12200E58C6D /* SplashBuddy.app */ = {isa = PBXFileReference; explicitFileType = wrapper.application; includeInIndex = 0; path = SplashBuddy.app; sourceTree = BUILT_PRODUCTS_DIR; };
		089D29201D50D12200E58C6D /* AppDelegate.swift */ = {isa = PBXFileReference; lastKnownFileType = sourcecode.swift; path = AppDelegate.swift; sourceTree = "<group>"; };
		089D29221D50D12200E58C6D /* Assets.xcassets */ = {isa = PBXFileReference; lastKnownFileType = folder.assetcatalog; path = Assets.xcassets; sourceTree = "<group>"; };
		089D292C1D50D12200E58C6D /* SplashBuddyTests.xctest */ = {isa = PBXFileReference; explicitFileType = wrapper.cfbundle; includeInIndex = 0; path = SplashBuddyTests.xctest; sourceTree = BUILT_PRODUCTS_DIR; };
		089D29301D50D12200E58C6D /* CasperSplashTests.swift */ = {isa = PBXFileReference; lastKnownFileType = sourcecode.swift; path = CasperSplashTests.swift; sourceTree = "<group>"; };
		089D29321D50D12200E58C6D /* Info.plist */ = {isa = PBXFileReference; lastKnownFileType = text.plist.xml; path = Info.plist; sourceTree = "<group>"; };
		089D29491D50D14C00E58C6D /* .travis.yml */ = {isa = PBXFileReference; fileEncoding = 4; lastKnownFileType = text; path = .travis.yml; sourceTree = SOURCE_ROOT; };
		089D294C1D50F04900E58C6D /* Regexes.swift */ = {isa = PBXFileReference; fileEncoding = 4; lastKnownFileType = sourcecode.swift; name = Regexes.swift; path = Controller/Regexes.swift; sourceTree = "<group>"; };
		089D294E1D50F1D800E58C6D /* Software.swift */ = {isa = PBXFileReference; fileEncoding = 4; lastKnownFileType = sourcecode.swift; path = Software.swift; sourceTree = "<group>"; };
		089D29521D51D50700E58C6D /* jamf_1.txt */ = {isa = PBXFileReference; fileEncoding = 4; lastKnownFileType = text; path = jamf_1.txt; sourceTree = "<group>"; };
		08AC4F761D520A3200CAB019 /* ec_32x32.png */ = {isa = PBXFileReference; lastKnownFileType = image.png; path = ec_32x32.png; sourceTree = "<group>"; };
		08AC4F771D520A3200CAB019 /* ec_32x32@2x.png */ = {isa = PBXFileReference; lastKnownFileType = image.png; path = "ec_32x32@2x.png"; sourceTree = "<group>"; };
		08AC4F7C1D5222BD00CAB019 /* Preferences.swift */ = {isa = PBXFileReference; fileEncoding = 4; lastKnownFileType = sourcecode.swift; path = Preferences.swift; sourceTree = "<group>"; };
		08DAA4941D54D5430027E650 /* SoftwareStatusValueTransformer.swift */ = {isa = PBXFileReference; fileEncoding = 4; lastKnownFileType = sourcecode.swift; path = SoftwareStatusValueTransformer.swift; sourceTree = "<group>"; };
		08EC78AB1DE72326007960A4 /* MainViewController.swift */ = {isa = PBXFileReference; fileEncoding = 4; lastKnownFileType = sourcecode.swift; path = MainViewController.swift; sourceTree = "<group>"; };
		472027F51EEBB9E9006A4938 /* CONTRIBUTING.md */ = {isa = PBXFileReference; lastKnownFileType = net.daringfireball.markdown; path = CONTRIBUTING.md; sourceTree = "<group>"; };
		472027F61EEBB9E9006A4938 /* CHANGELOG.md */ = {isa = PBXFileReference; lastKnownFileType = net.daringfireball.markdown; path = CHANGELOG.md; sourceTree = "<group>"; };
		47376A141E69DA4C0058B64C /* SplashBuddy.entitlements */ = {isa = PBXFileReference; lastKnownFileType = text.plist.entitlements; path = SplashBuddy.entitlements; sourceTree = "<group>"; };
		475D9DB01E68C4020035B443 /* Info.plist */ = {isa = PBXFileReference; fileEncoding = 4; lastKnownFileType = text.plist.xml; path = Info.plist; sourceTree = "<group>"; };
		475D9DB81E68CBC00035B443 /* nl */ = {isa = PBXFileReference; lastKnownFileType = text.plist.strings; name = nl; path = nl.lproj/infoPlist.strings; sourceTree = "<group>"; };
		47647E6A1E68D9A5009D535B /* THANKS.md */ = {isa = PBXFileReference; lastKnownFileType = net.daringfireball.markdown; path = THANKS.md; sourceTree = "<group>"; };
		47647E6C1E695C44009D535B /* de */ = {isa = PBXFileReference; lastKnownFileType = text.plist.strings; name = de; path = de.lproj/SplashBuddy.strings; sourceTree = "<group>"; };
		47647E6D1E695C44009D535B /* de */ = {isa = PBXFileReference; lastKnownFileType = text.plist.strings; name = de; path = de.lproj/infoPlist.strings; sourceTree = "<group>"; };
		47647E6E1E695C44009D535B /* de */ = {isa = PBXFileReference; lastKnownFileType = text.plist.strings; name = de; path = de.lproj/Localizable.strings; sourceTree = "<group>"; };
		47647E701E696DD8009D535B /* fi */ = {isa = PBXFileReference; lastKnownFileType = text.plist.strings; name = fi; path = fi.lproj/SplashBuddy.strings; sourceTree = "<group>"; };
		47647E711E696DD8009D535B /* fi */ = {isa = PBXFileReference; lastKnownFileType = text.plist.strings; name = fi; path = fi.lproj/infoPlist.strings; sourceTree = "<group>"; };
		47647E721E696DD8009D535B /* fi */ = {isa = PBXFileReference; lastKnownFileType = text.plist.strings; name = fi; path = fi.lproj/Localizable.strings; sourceTree = "<group>"; };
		47647E7D1E698F3C009D535B /* PreferencesTests.swift */ = {isa = PBXFileReference; fileEncoding = 4; lastKnownFileType = sourcecode.swift; path = PreferencesTests.swift; sourceTree = "<group>"; };
		47684F151E68B16C00D422EC /* Base */ = {isa = PBXFileReference; lastKnownFileType = text.plist.strings; name = Base; path = Base.lproj/Localizable.strings; sourceTree = "<group>"; };
		47684F171E68B16D00D422EC /* fr */ = {isa = PBXFileReference; lastKnownFileType = text.plist.strings; name = fr; path = fr.lproj/Localizable.strings; sourceTree = "<group>"; };
		47684F2B1E68C0E300D422EC /* nl */ = {isa = PBXFileReference; lastKnownFileType = text.plist.strings; name = nl; path = nl.lproj/SplashBuddy.strings; sourceTree = "<group>"; };
		47684F2D1E68C0E300D422EC /* nl */ = {isa = PBXFileReference; lastKnownFileType = text.plist.strings; name = nl; path = nl.lproj/Localizable.strings; sourceTree = "<group>"; };
		47684F311E68C39900D422EC /* fr */ = {isa = PBXFileReference; lastKnownFileType = text.plist.strings; name = fr; path = fr.lproj/infoPlist.strings; sourceTree = "<group>"; };
		47684F331E68C39D00D422EC /* Base */ = {isa = PBXFileReference; lastKnownFileType = text.plist.strings; name = Base; path = Base.lproj/infoPlist.strings; sourceTree = "<group>"; };
		47725E201EEF267A0007540C /* .gitignore */ = {isa = PBXFileReference; lastKnownFileType = text; path = .gitignore; sourceTree = "<group>"; };
		47725E211EEF267A0007540C /* build_pkg.sh */ = {isa = PBXFileReference; lastKnownFileType = text.script.sh; path = build_pkg.sh; sourceTree = "<group>"; };
		47725E261EEF267A0007540C /* chrome.png */ = {isa = PBXFileReference; lastKnownFileType = image.png; path = chrome.png; sourceTree = "<group>"; };
		47725E271EEF267A0007540C /* enterpriseconnect.png */ = {isa = PBXFileReference; lastKnownFileType = image.png; path = enterpriseconnect.png; sourceTree = "<group>"; };
		47725E291EEF267A0007540C /* presentation.bundle */ = {isa = PBXFileReference; lastKnownFileType = "wrapper.plug-in"; path = presentation.bundle; sourceTree = "<group>"; };
		47725E2A1EEF267A0007540C /* SplashBuddy.app */ = {isa = PBXFileReference; lastKnownFileType = wrapper.application; path = SplashBuddy.app; sourceTree = "<group>"; };
		47725E2B1EEF267A0007540C /* SplashBuddy.launch.sh */ = {isa = PBXFileReference; lastKnownFileType = text.script.sh; path = SplashBuddy.launch.sh; sourceTree = "<group>"; };
		47725E2C1EEF267A0007540C /* textmate.png */ = {isa = PBXFileReference; lastKnownFileType = image.png; path = textmate.png; sourceTree = "<group>"; };
		47725E2E1EEF267A0007540C /* io.fti.SplashBuddy.launch.plist */ = {isa = PBXFileReference; lastKnownFileType = text.plist.xml; path = io.fti.SplashBuddy.launch.plist; sourceTree = "<group>"; };
		47725E301EEF267A0007540C /* io.fti.SplashBuddy.plist */ = {isa = PBXFileReference; lastKnownFileType = text.plist.xml; path = io.fti.SplashBuddy.plist; sourceTree = "<group>"; };
		47725E321EEF267A0007540C /* postinstall */ = {isa = PBXFileReference; lastKnownFileType = text.script.sh; path = postinstall; sourceTree = "<group>"; };
		47725E331EEF267A0007540C /* SplashBuddyInstaller-201703291322.pkg */ = {isa = PBXFileReference; lastKnownFileType = "wrapper.installer-pkg"; path = "SplashBuddyInstaller-201703291322.pkg"; sourceTree = "<group>"; };
		47A218191F04F0BC00FD3EDC /* MainWindow.swift */ = {isa = PBXFileReference; lastKnownFileType = sourcecode.swift; name = MainWindow.swift; path = View/MainWindow.swift; sourceTree = "<group>"; };
		47AA7B191E68AE3C005BBF48 /* fr */ = {isa = PBXFileReference; lastKnownFileType = text.plist.strings; name = fr; path = fr.lproj/SplashBuddy.strings; sourceTree = "<group>"; };
		47AA7B1A1E68AF46005BBF48 /* Base */ = {isa = PBXFileReference; lastKnownFileType = file.storyboard; name = Base; path = Base.lproj/SplashBuddy.storyboard; sourceTree = "<group>"; };
		47B198A91E6561AB0055CC85 /* Software Array Extension.swift */ = {isa = PBXFileReference; fileEncoding = 4; lastKnownFileType = sourcecode.swift; path = "Software Array Extension.swift"; sourceTree = "<group>"; };
		47B198AB1E6565CC0055CC85 /* FileHandle Extension.swift */ = {isa = PBXFileReference; fileEncoding = 4; lastKnownFileType = sourcecode.swift; path = "FileHandle Extension.swift"; sourceTree = "<group>"; };
		47CFADEA1E680BF900356D11 /* TODO.md */ = {isa = PBXFileReference; fileEncoding = 4; lastKnownFileType = net.daringfireball.markdown; path = TODO.md; sourceTree = "<group>"; };
		47CFADEC1E680D8400356D11 /* MainViewController_Actions.swift */ = {isa = PBXFileReference; fileEncoding = 4; lastKnownFileType = sourcecode.swift; name = MainViewController_Actions.swift; path = View/MainViewController_Actions.swift; sourceTree = "<group>"; };
		47CFADF31E682C9200356D11 /* SoftwareArray.swift */ = {isa = PBXFileReference; fileEncoding = 4; lastKnownFileType = sourcecode.swift; path = SoftwareArray.swift; sourceTree = "<group>"; };
		47E8A7CC1E689787001292B8 /* Parser.swift */ = {isa = PBXFileReference; fileEncoding = 4; lastKnownFileType = sourcecode.swift; path = Parser.swift; sourceTree = "<group>"; };
		81D9D7301E69ABE4008ED3F5 /* Log.swift */ = {isa = PBXFileReference; fileEncoding = 4; lastKnownFileType = sourcecode.swift; path = Log.swift; sourceTree = "<group>"; };
/* End PBXFileReference section */

/* Begin PBXFrameworksBuildPhase section */
		089D291A1D50D12200E58C6D /* Frameworks */ = {
			isa = PBXFrameworksBuildPhase;
			buildActionMask = 2147483647;
			files = (
			);
			runOnlyForDeploymentPostprocessing = 0;
		};
		089D29291D50D12200E58C6D /* Frameworks */ = {
			isa = PBXFrameworksBuildPhase;
			buildActionMask = 2147483647;
			files = (
			);
			runOnlyForDeploymentPostprocessing = 0;
		};
/* End PBXFrameworksBuildPhase section */

/* Begin PBXGroup section */
		089D29141D50D12200E58C6D = {
			isa = PBXGroup;
			children = (
				47725E1F1EEF267A0007540C /* Installer */,
				472027F61EEBB9E9006A4938 /* CHANGELOG.md */,
				472027F51EEBB9E9006A4938 /* CONTRIBUTING.md */,
				47647E6A1E68D9A5009D535B /* THANKS.md */,
				47CFADEA1E680BF900356D11 /* TODO.md */,
				086F87AE1D536A0B002AA791 /* README.md */,
				089D291F1D50D12200E58C6D /* SplashBuddy */,
				08AC4F751D520A3200CAB019 /* SplashBuddyTestAssets */,
				089D292F1D50D12200E58C6D /* SplashBuddyTests */,
				089D291E1D50D12200E58C6D /* Products */,
			);
			sourceTree = "<group>";
		};
		089D291E1D50D12200E58C6D /* Products */ = {
			isa = PBXGroup;
			children = (
				089D291D1D50D12200E58C6D /* SplashBuddy.app */,
				089D292C1D50D12200E58C6D /* SplashBuddyTests.xctest */,
			);
			name = Products;
			sourceTree = "<group>";
		};
		089D291F1D50D12200E58C6D /* SplashBuddy */ = {
			isa = PBXGroup;
			children = (
				47376A141E69DA4C0058B64C /* SplashBuddy.entitlements */,
				475D9DB01E68C4020035B443 /* Info.plist */,
				47684F321E68C39900D422EC /* infoPlist.strings */,
				089D29201D50D12200E58C6D /* AppDelegate.swift */,
				47CFADE91E68049600356D11 /* Views */,
				089D29221D50D12200E58C6D /* Assets.xcassets */,
				47CFADEE1E681E5B00356D11 /* Software */,
				47B198AB1E6565CC0055CC85 /* FileHandle Extension.swift */,
				47E8A7CC1E689787001292B8 /* Parser.swift */,
				089D294C1D50F04900E58C6D /* Regexes.swift */,
				08AC4F7C1D5222BD00CAB019 /* Preferences.swift */,
				086F87B11D536F2B002AA791 /* Script.swift */,
				81D9D7301E69ABE4008ED3F5 /* Log.swift */,
			);
			path = SplashBuddy;
			sourceTree = "<group>";
		};
		089D292F1D50D12200E58C6D /* SplashBuddyTests */ = {
			isa = PBXGroup;
			children = (
				089D29301D50D12200E58C6D /* CasperSplashTests.swift */,
				089D29321D50D12200E58C6D /* Info.plist */,
				089D29491D50D14C00E58C6D /* .travis.yml */,
				089D29521D51D50700E58C6D /* jamf_1.txt */,
				47647E7D1E698F3C009D535B /* PreferencesTests.swift */,
			);
			path = SplashBuddyTests;
			sourceTree = "<group>";
		};
		08AC4F751D520A3200CAB019 /* SplashBuddyTestAssets */ = {
			isa = PBXGroup;
			children = (
				08AC4F761D520A3200CAB019 /* ec_32x32.png */,
				08AC4F771D520A3200CAB019 /* ec_32x32@2x.png */,
				086F87B01D536EDF002AA791 /* test_postinstall_successful.sh */,
				086F87B31D53784C002AA791 /* test_postinstall_failed.sh */,
				086F87BC1D53A018002AA791 /* index.html */,
				086F87BE1D53A96B002AA791 /* dummy.jpg */,
			);
			path = SplashBuddyTestAssets;
			sourceTree = "<group>";
		};
		47725E1F1EEF267A0007540C /* Installer */ = {
			isa = PBXGroup;
			children = (
				47725E201EEF267A0007540C /* .gitignore */,
				47725E211EEF267A0007540C /* build_pkg.sh */,
				47725E221EEF267A0007540C /* payload */,
				47725E311EEF267A0007540C /* scripts */,
				47725E331EEF267A0007540C /* SplashBuddyInstaller-201703291322.pkg */,
			);
			path = Installer;
			sourceTree = "<group>";
		};
		47725E221EEF267A0007540C /* payload */ = {
			isa = PBXGroup;
			children = (
				47725E231EEF267A0007540C /* Library */,
			);
			path = payload;
			sourceTree = "<group>";
		};
		47725E231EEF267A0007540C /* Library */ = {
			isa = PBXGroup;
			children = (
				47725E241EEF267A0007540C /* Application Support */,
				47725E2D1EEF267A0007540C /* LaunchAgents */,
				47725E2F1EEF267A0007540C /* Preferences */,
			);
			path = Library;
			sourceTree = "<group>";
		};
		47725E241EEF267A0007540C /* Application Support */ = {
			isa = PBXGroup;
			children = (
				47725E251EEF267A0007540C /* SplashBuddy */,
			);
			path = "Application Support";
			sourceTree = "<group>";
		};
		47725E251EEF267A0007540C /* SplashBuddy */ = {
			isa = PBXGroup;
			children = (
				47725E261EEF267A0007540C /* chrome.png */,
				47725E271EEF267A0007540C /* enterpriseconnect.png */,
				47725E291EEF267A0007540C /* presentation.bundle */,
				47725E2A1EEF267A0007540C /* SplashBuddy.app */,
				47725E2B1EEF267A0007540C /* SplashBuddy.launch.sh */,
				47725E2C1EEF267A0007540C /* textmate.png */,
			);
			path = SplashBuddy;
			sourceTree = "<group>";
		};
		47725E2D1EEF267A0007540C /* LaunchAgents */ = {
			isa = PBXGroup;
			children = (
				47725E2E1EEF267A0007540C /* io.fti.SplashBuddy.launch.plist */,
			);
			path = LaunchAgents;
			sourceTree = "<group>";
		};
		47725E2F1EEF267A0007540C /* Preferences */ = {
			isa = PBXGroup;
			children = (
				47725E301EEF267A0007540C /* io.fti.SplashBuddy.plist */,
			);
			path = Preferences;
			sourceTree = "<group>";
		};
		47725E311EEF267A0007540C /* scripts */ = {
			isa = PBXGroup;
			children = (
				47725E321EEF267A0007540C /* postinstall */,
			);
			path = scripts;
			sourceTree = "<group>";
		};
		47CFADE91E68049600356D11 /* Views */ = {
			isa = PBXGroup;
			children = (
				47CFADF01E681E8D00356D11 /* Main */,
				47AA7B161E68AD8E005BBF48 /* SplashBuddy.storyboard */,
			);
			name = Views;
			sourceTree = "<group>";
		};
		47CFADEE1E681E5B00356D11 /* Software */ = {
			isa = PBXGroup;
			children = (
				089D294E1D50F1D800E58C6D /* Software.swift */,
				47B198A91E6561AB0055CC85 /* Software Array Extension.swift */,
				08DAA4941D54D5430027E650 /* SoftwareStatusValueTransformer.swift */,
				47CFADF31E682C9200356D11 /* SoftwareArray.swift */,
			);
			name = Software;
			sourceTree = "<group>";
		};
		47CFADF01E681E8D00356D11 /* Main */ = {
			isa = PBXGroup;
			children = (
				086F87B61D5391FD002AA791 /* MainWindowController.swift */,
				47A218191F04F0BC00FD3EDC /* MainWindow.swift */,
				08EC78AB1DE72326007960A4 /* MainViewController.swift */,
				47CFADEC1E680D8400356D11 /* MainViewController_Actions.swift */,
				47684F161E68B16C00D422EC /* Localizable.strings */,
				086F87BA1D5397AE002AA791 /* WKWebViewNavigationDelegate.swift */,
			);
			name = Main;
			sourceTree = "<group>";
		};
/* End PBXGroup section */

/* Begin PBXNativeTarget section */
		089D291C1D50D12200E58C6D /* SplashBuddy */ = {
			isa = PBXNativeTarget;
			buildConfigurationList = 089D29401D50D12200E58C6D /* Build configuration list for PBXNativeTarget "SplashBuddy" */;
			buildPhases = (
				089D29191D50D12200E58C6D /* Sources */,
				089D291A1D50D12200E58C6D /* Frameworks */,
				089D291B1D50D12200E58C6D /* Resources */,
			);
			buildRules = (
			);
			dependencies = (
			);
			name = SplashBuddy;
			productName = CasperSplash;
			productReference = 089D291D1D50D12200E58C6D /* SplashBuddy.app */;
			productType = "com.apple.product-type.application";
		};
		089D292B1D50D12200E58C6D /* SplashBuddyTests */ = {
			isa = PBXNativeTarget;
			buildConfigurationList = 089D29431D50D12200E58C6D /* Build configuration list for PBXNativeTarget "SplashBuddyTests" */;
			buildPhases = (
				089D29281D50D12200E58C6D /* Sources */,
				089D29291D50D12200E58C6D /* Frameworks */,
				089D292A1D50D12200E58C6D /* Resources */,
				086F87AB1D532137002AA791 /* CopyFiles */,
			);
			buildRules = (
			);
			dependencies = (
				089D292E1D50D12200E58C6D /* PBXTargetDependency */,
			);
			name = SplashBuddyTests;
			productName = CasperSplashTests;
			productReference = 089D292C1D50D12200E58C6D /* SplashBuddyTests.xctest */;
			productType = "com.apple.product-type.bundle.unit-test";
		};
/* End PBXNativeTarget section */

/* Begin PBXProject section */
		089D29151D50D12200E58C6D /* Project object */ = {
			isa = PBXProject;
			attributes = {
				LastSwiftUpdateCheck = 0730;
				LastUpgradeCheck = 0900;
				ORGANIZATIONNAME = "François Levaux-Tiffreau";
				TargetAttributes = {
					089D291C1D50D12200E58C6D = {
						CreatedOnToolsVersion = 7.3.1;
						DevelopmentTeam = EM3ER8T33A;
						LastSwiftMigration = 0900;
						ProvisioningStyle = Manual;
						SystemCapabilities = {
							com.apple.Sandbox = {
								enabled = 1;
							};
						};
					};
					089D292B1D50D12200E58C6D = {
						CreatedOnToolsVersion = 7.3.1;
						LastSwiftMigration = 0900;
						TestTargetID = 089D291C1D50D12200E58C6D;
					};
				};
			};
			buildConfigurationList = 089D29181D50D12200E58C6D /* Build configuration list for PBXProject "SplashBuddy" */;
			compatibilityVersion = "Xcode 3.2";
			developmentRegion = English;
			hasScannedForEncodings = 0;
			knownRegions = (
				en,
				Base,
				fr,
				nl,
				de,
				fi,
			);
			mainGroup = 089D29141D50D12200E58C6D;
			productRefGroup = 089D291E1D50D12200E58C6D /* Products */;
			projectDirPath = "";
			projectRoot = "";
			targets = (
				089D291C1D50D12200E58C6D /* SplashBuddy */,
				089D292B1D50D12200E58C6D /* SplashBuddyTests */,
			);
		};
/* End PBXProject section */

/* Begin PBXResourcesBuildPhase section */
		089D291B1D50D12200E58C6D /* Resources */ = {
			isa = PBXResourcesBuildPhase;
			buildActionMask = 2147483647;
			files = (
				086F87BF1D53A96B002AA791 /* dummy.jpg in Resources */,
				47AA7B141E68AD8E005BBF48 /* SplashBuddy.storyboard in Resources */,
				086F87BD1D53A018002AA791 /* index.html in Resources */,
				089D29231D50D12200E58C6D /* Assets.xcassets in Resources */,
				47684F141E68B16C00D422EC /* Localizable.strings in Resources */,
			);
			runOnlyForDeploymentPostprocessing = 0;
		};
		089D292A1D50D12200E58C6D /* Resources */ = {
			isa = PBXResourcesBuildPhase;
			buildActionMask = 2147483647;
			files = (
				089D29531D51D50700E58C6D /* jamf_1.txt in Resources */,
				089D294A1D50D14C00E58C6D /* .travis.yml in Resources */,
			);
			runOnlyForDeploymentPostprocessing = 0;
		};
/* End PBXResourcesBuildPhase section */

/* Begin PBXSourcesBuildPhase section */
		089D29191D50D12200E58C6D /* Sources */ = {
			isa = PBXSourcesBuildPhase;
			buildActionMask = 2147483647;
			files = (
				086F87B81D5391FD002AA791 /* MainWindowController.swift in Sources */,
				089D294F1D50F1D800E58C6D /* Software.swift in Sources */,
				47E8A7CD1E689787001292B8 /* Parser.swift in Sources */,
				47CFADED1E680D8400356D11 /* MainViewController_Actions.swift in Sources */,
				089D29211D50D12200E58C6D /* AppDelegate.swift in Sources */,
				81D9D7311E69ABE4008ED3F5 /* Log.swift in Sources */,
				08AC4F7D1D5222BD00CAB019 /* Preferences.swift in Sources */,
				47CFADF41E682C9200356D11 /* SoftwareArray.swift in Sources */,
				086F87BB1D5397AE002AA791 /* WKWebViewNavigationDelegate.swift in Sources */,
				47B198AC1E6565CC0055CC85 /* FileHandle Extension.swift in Sources */,
				08EC78AC1DE72326007960A4 /* MainViewController.swift in Sources */,
				47B198AA1E6561AB0055CC85 /* Software Array Extension.swift in Sources */,
				086F87B21D536F2B002AA791 /* Script.swift in Sources */,
				47A2181A1F04F0BC00FD3EDC /* MainWindow.swift in Sources */,
				08DAA4951D54D5430027E650 /* SoftwareStatusValueTransformer.swift in Sources */,
				089D294D1D50F04900E58C6D /* Regexes.swift in Sources */,
			);
			runOnlyForDeploymentPostprocessing = 0;
		};
		089D29281D50D12200E58C6D /* Sources */ = {
			isa = PBXSourcesBuildPhase;
			buildActionMask = 2147483647;
			files = (
				47647E7E1E698F3C009D535B /* PreferencesTests.swift in Sources */,
				47CFADF21E681FB600356D11 /* FileHandle Extension.swift in Sources */,
				089D29311D50D12200E58C6D /* CasperSplashTests.swift in Sources */,
			);
			runOnlyForDeploymentPostprocessing = 0;
		};
/* End PBXSourcesBuildPhase section */

/* Begin PBXTargetDependency section */
		089D292E1D50D12200E58C6D /* PBXTargetDependency */ = {
			isa = PBXTargetDependency;
			target = 089D291C1D50D12200E58C6D /* SplashBuddy */;
			targetProxy = 089D292D1D50D12200E58C6D /* PBXContainerItemProxy */;
		};
/* End PBXTargetDependency section */

/* Begin PBXVariantGroup section */
		47684F161E68B16C00D422EC /* Localizable.strings */ = {
			isa = PBXVariantGroup;
			children = (
				47684F151E68B16C00D422EC /* Base */,
				47684F171E68B16D00D422EC /* fr */,
				47684F2D1E68C0E300D422EC /* nl */,
				47647E6E1E695C44009D535B /* de */,
				47647E721E696DD8009D535B /* fi */,
			);
			name = Localizable.strings;
			sourceTree = "<group>";
		};
		47684F321E68C39900D422EC /* infoPlist.strings */ = {
			isa = PBXVariantGroup;
			children = (
				47684F311E68C39900D422EC /* fr */,
				47684F331E68C39D00D422EC /* Base */,
				475D9DB81E68CBC00035B443 /* nl */,
				47647E6D1E695C44009D535B /* de */,
				47647E711E696DD8009D535B /* fi */,
			);
			name = infoPlist.strings;
			sourceTree = "<group>";
		};
		47AA7B161E68AD8E005BBF48 /* SplashBuddy.storyboard */ = {
			isa = PBXVariantGroup;
			children = (
				47AA7B191E68AE3C005BBF48 /* fr */,
				47AA7B1A1E68AF46005BBF48 /* Base */,
				47684F2B1E68C0E300D422EC /* nl */,
				47647E6C1E695C44009D535B /* de */,
				47647E701E696DD8009D535B /* fi */,
			);
			name = SplashBuddy.storyboard;
			sourceTree = "<group>";
		};
/* End PBXVariantGroup section */

/* Begin XCBuildConfiguration section */
		089D293E1D50D12200E58C6D /* Debug */ = {
			isa = XCBuildConfiguration;
			buildSettings = {
				ALWAYS_SEARCH_USER_PATHS = NO;
				CLANG_ANALYZER_LOCALIZABILITY_NONLOCALIZED = YES;
				CLANG_ANALYZER_NONNULL = YES;
				CLANG_CXX_LANGUAGE_STANDARD = "gnu++0x";
				CLANG_CXX_LIBRARY = "libc++";
				CLANG_ENABLE_MODULES = YES;
				CLANG_ENABLE_OBJC_ARC = YES;
				CLANG_WARN_BLOCK_CAPTURE_AUTORELEASING = YES;
				CLANG_WARN_BOOL_CONVERSION = YES;
				CLANG_WARN_COMMA = YES;
				CLANG_WARN_CONSTANT_CONVERSION = YES;
				CLANG_WARN_DIRECT_OBJC_ISA_USAGE = YES_ERROR;
				CLANG_WARN_EMPTY_BODY = YES;
				CLANG_WARN_ENUM_CONVERSION = YES;
				CLANG_WARN_INFINITE_RECURSION = YES;
				CLANG_WARN_INT_CONVERSION = YES;
				CLANG_WARN_NON_LITERAL_NULL_CONVERSION = YES;
				CLANG_WARN_OBJC_LITERAL_CONVERSION = YES;
				CLANG_WARN_OBJC_ROOT_CLASS = YES_ERROR;
				CLANG_WARN_RANGE_LOOP_ANALYSIS = YES;
				CLANG_WARN_STRICT_PROTOTYPES = YES;
				CLANG_WARN_SUSPICIOUS_MOVE = YES;
				CLANG_WARN_UNREACHABLE_CODE = YES;
				CLANG_WARN__DUPLICATE_METHOD_MATCH = YES;
				CODE_SIGN_IDENTITY = "-";
				COPY_PHASE_STRIP = NO;
				DEBUG_INFORMATION_FORMAT = dwarf;
				ENABLE_STRICT_OBJC_MSGSEND = YES;
				ENABLE_TESTABILITY = YES;
				GCC_C_LANGUAGE_STANDARD = gnu99;
				GCC_DYNAMIC_NO_PIC = NO;
				GCC_NO_COMMON_BLOCKS = YES;
				GCC_OPTIMIZATION_LEVEL = 0;
				GCC_PREPROCESSOR_DEFINITIONS = (
					"DEBUG=1",
					"$(inherited)",
				);
				GCC_WARN_64_TO_32_BIT_CONVERSION = YES;
				GCC_WARN_ABOUT_RETURN_TYPE = YES_ERROR;
				GCC_WARN_UNDECLARED_SELECTOR = YES;
				GCC_WARN_UNINITIALIZED_AUTOS = YES_AGGRESSIVE;
				GCC_WARN_UNUSED_FUNCTION = YES;
				GCC_WARN_UNUSED_VARIABLE = YES;
				MACOSX_DEPLOYMENT_TARGET = 10.12;
				MTL_ENABLE_DEBUG_INFO = YES;
				ONLY_ACTIVE_ARCH = YES;
				SDKROOT = macosx;
				SWIFT_OPTIMIZATION_LEVEL = "-Onone";
				SWIFT_VERSION = 3.0.1;
			};
			name = Debug;
		};
		089D293F1D50D12200E58C6D /* Release */ = {
			isa = XCBuildConfiguration;
			buildSettings = {
				ALWAYS_SEARCH_USER_PATHS = NO;
				CLANG_ANALYZER_LOCALIZABILITY_NONLOCALIZED = YES;
				CLANG_ANALYZER_NONNULL = YES;
				CLANG_CXX_LANGUAGE_STANDARD = "gnu++0x";
				CLANG_CXX_LIBRARY = "libc++";
				CLANG_ENABLE_MODULES = YES;
				CLANG_ENABLE_OBJC_ARC = YES;
				CLANG_WARN_BLOCK_CAPTURE_AUTORELEASING = YES;
				CLANG_WARN_BOOL_CONVERSION = YES;
				CLANG_WARN_COMMA = YES;
				CLANG_WARN_CONSTANT_CONVERSION = YES;
				CLANG_WARN_DIRECT_OBJC_ISA_USAGE = YES_ERROR;
				CLANG_WARN_EMPTY_BODY = YES;
				CLANG_WARN_ENUM_CONVERSION = YES;
				CLANG_WARN_INFINITE_RECURSION = YES;
				CLANG_WARN_INT_CONVERSION = YES;
				CLANG_WARN_NON_LITERAL_NULL_CONVERSION = YES;
				CLANG_WARN_OBJC_LITERAL_CONVERSION = YES;
				CLANG_WARN_OBJC_ROOT_CLASS = YES_ERROR;
				CLANG_WARN_RANGE_LOOP_ANALYSIS = YES;
				CLANG_WARN_STRICT_PROTOTYPES = YES;
				CLANG_WARN_SUSPICIOUS_MOVE = YES;
				CLANG_WARN_UNREACHABLE_CODE = YES;
				CLANG_WARN__DUPLICATE_METHOD_MATCH = YES;
				CODE_SIGN_IDENTITY = "-";
				COPY_PHASE_STRIP = NO;
				DEBUG_INFORMATION_FORMAT = "dwarf-with-dsym";
				ENABLE_NS_ASSERTIONS = NO;
				ENABLE_STRICT_OBJC_MSGSEND = YES;
				GCC_C_LANGUAGE_STANDARD = gnu99;
				GCC_NO_COMMON_BLOCKS = YES;
				GCC_WARN_64_TO_32_BIT_CONVERSION = YES;
				GCC_WARN_ABOUT_RETURN_TYPE = YES_ERROR;
				GCC_WARN_UNDECLARED_SELECTOR = YES;
				GCC_WARN_UNINITIALIZED_AUTOS = YES_AGGRESSIVE;
				GCC_WARN_UNUSED_FUNCTION = YES;
				GCC_WARN_UNUSED_VARIABLE = YES;
				MACOSX_DEPLOYMENT_TARGET = 10.12;
				MTL_ENABLE_DEBUG_INFO = NO;
				SDKROOT = macosx;
				SWIFT_VERSION = 3.0.1;
			};
			name = Release;
		};
		089D29411D50D12200E58C6D /* Debug */ = {
			isa = XCBuildConfiguration;
			buildSettings = {
				ASSETCATALOG_COMPILER_APPICON_NAME = AppIcon;
				CODE_SIGN_ENTITLEMENTS = SplashBuddy/SplashBuddy.entitlements;
				CODE_SIGN_IDENTITY = "Developer ID Application";
				CODE_SIGN_STYLE = Manual;
				COMBINE_HIDPI_IMAGES = YES;
				DEVELOPMENT_TEAM = EM3ER8T33A;
				INFOPLIST_FILE = "$(SRCROOT)/SplashBuddy/Info.plist";
				LD_RUNPATH_SEARCH_PATHS = "$(inherited) @executable_path/../Frameworks";
				MACOSX_DEPLOYMENT_TARGET = 10.12;
				OTHER_SWIFT_FLAGS = "-DDEBUG";
				PRODUCT_BUNDLE_IDENTIFIER = io.fti.SplashBuddy;
				PRODUCT_NAME = "$(TARGET_NAME)";
				PROVISIONING_PROFILE_SPECIFIER = "";
				SWIFT_SWIFT3_OBJC_INFERENCE = Default;
				SWIFT_VERSION = 4.0;
			};
			name = Debug;
		};
		089D29421D50D12200E58C6D /* Release */ = {
			isa = XCBuildConfiguration;
			buildSettings = {
				ASSETCATALOG_COMPILER_APPICON_NAME = AppIcon;
				CODE_SIGN_ENTITLEMENTS = SplashBuddy/SplashBuddy.entitlements;
				CODE_SIGN_IDENTITY = "Developer ID Application";
				CODE_SIGN_STYLE = Manual;
				COMBINE_HIDPI_IMAGES = YES;
				DEVELOPMENT_TEAM = EM3ER8T33A;
				INFOPLIST_FILE = "$(SRCROOT)/SplashBuddy/Info.plist";
				LD_RUNPATH_SEARCH_PATHS = "$(inherited) @executable_path/../Frameworks";
				MACOSX_DEPLOYMENT_TARGET = 10.12;
				PRODUCT_BUNDLE_IDENTIFIER = io.fti.SplashBuddy;
				PRODUCT_NAME = "$(TARGET_NAME)";
				PROVISIONING_PROFILE_SPECIFIER = "";
				SWIFT_OPTIMIZATION_LEVEL = "-Owholemodule";
				SWIFT_SWIFT3_OBJC_INFERENCE = Default;
				SWIFT_VERSION = 4.0;
			};
			name = Release;
		};
		089D29441D50D12200E58C6D /* Debug */ = {
			isa = XCBuildConfiguration;
			buildSettings = {
				BUNDLE_LOADER = "$(TEST_HOST)";
				COMBINE_HIDPI_IMAGES = YES;
				INFOPLIST_FILE = SplashBuddyTests/Info.plist;
				LD_RUNPATH_SEARCH_PATHS = "$(inherited) @executable_path/../Frameworks @loader_path/../Frameworks";
				PRODUCT_BUNDLE_IDENTIFIER = io.fti.SplashBuddyTestsTests;
				PRODUCT_NAME = "$(TARGET_NAME)";
				SWIFT_SWIFT3_OBJC_INFERENCE = Default;
				SWIFT_VERSION = 4.0;
				TEST_HOST = "$(BUILT_PRODUCTS_DIR)/SplashBuddy.app/Contents/MacOS/SplashBuddy";
			};
			name = Debug;
		};
		089D29451D50D12200E58C6D /* Release */ = {
			isa = XCBuildConfiguration;
			buildSettings = {
				BUNDLE_LOADER = "$(TEST_HOST)";
				COMBINE_HIDPI_IMAGES = YES;
				INFOPLIST_FILE = SplashBuddyTests/Info.plist;
				LD_RUNPATH_SEARCH_PATHS = "$(inherited) @executable_path/../Frameworks @loader_path/../Frameworks";
				PRODUCT_BUNDLE_IDENTIFIER = io.fti.SplashBuddyTestsTests;
				PRODUCT_NAME = "$(TARGET_NAME)";
				SWIFT_OPTIMIZATION_LEVEL = "-Owholemodule";
				SWIFT_SWIFT3_OBJC_INFERENCE = Default;
				SWIFT_VERSION = 4.0;
				TEST_HOST = "$(BUILT_PRODUCTS_DIR)/SplashBuddy.app/Contents/MacOS/SplashBuddy";
			};
			name = Release;
		};
/* End XCBuildConfiguration section */

/* Begin XCConfigurationList section */
		089D29181D50D12200E58C6D /* Build configuration list for PBXProject "SplashBuddy" */ = {
			isa = XCConfigurationList;
			buildConfigurations = (
				089D293E1D50D12200E58C6D /* Debug */,
				089D293F1D50D12200E58C6D /* Release */,
			);
			defaultConfigurationIsVisible = 0;
			defaultConfigurationName = Release;
		};
		089D29401D50D12200E58C6D /* Build configuration list for PBXNativeTarget "SplashBuddy" */ = {
			isa = XCConfigurationList;
			buildConfigurations = (
				089D29411D50D12200E58C6D /* Debug */,
				089D29421D50D12200E58C6D /* Release */,
			);
			defaultConfigurationIsVisible = 0;
			defaultConfigurationName = Release;
		};
		089D29431D50D12200E58C6D /* Build configuration list for PBXNativeTarget "SplashBuddyTests" */ = {
			isa = XCConfigurationList;
			buildConfigurations = (
				089D29441D50D12200E58C6D /* Debug */,
				089D29451D50D12200E58C6D /* Release */,
			);
			defaultConfigurationIsVisible = 0;
			defaultConfigurationName = Release;
		};
/* End XCConfigurationList section */
	};
	rootObject = 089D29151D50D12200E58C6D /* Project object */;
}
